
Microsoft Visual Studio Solution File, Format Version 12.00
# Visual Studio Version 16
VisualStudioVersion = 16.0.29613.14
MinimumVisualStudioVersion = 10.0.40219.1
Project("{8BC9CEB8-8B4A-11D0-8D11-00A0C91BC942}") = "Algorithm", "Algorithm\Algorithm.vcxproj", "{FC97641C-FF9F-4E2D-AC67-E9D7E4D24F18}"
EndProject
Global
	GlobalSection(SolutionConfigurationPlatforms) = preSolution
		Debug|x64 = Debug|x64
		Debug|x86 = Debug|x86
		Release|x64 = Release|x64
		Release|x86 = Release|x86
	EndGlobalSection
	GlobalSection(ProjectConfigurationPlatforms) = postSolution
		{FC97641C-FF9F-4E2D-AC67-E9D7E4D24F18}.Debug|x64.ActiveCfg = Debug|x64
		{FC97641C-FF9F-4E2D-AC67-E9D7E4D24F18}.Debug|x64.Build.0 = Debug|x64
		{FC97641C-FF9F-4E2D-AC67-E9D7E4D24F18}.Debug|x86.ActiveCfg = Debug|Win32
		{FC97641C-FF9F-4E2D-AC67-E9D7E4D24F18}.Debug|x86.Build.0 = Debug|Win32
		{FC97641C-FF9F-4E2D-AC67-E9D7E4D24F18}.Release|x64.ActiveCfg = Release|x64
		{FC97641C-FF9F-4E2D-AC67-E9D7E4D24F18}.Release|x64.Build.0 = Release|x64
		{FC97641C-FF9F-4E2D-AC67-E9D7E4D24F18}.Release|x86.ActiveCfg = Release|Win32
		{FC97641C-FF9F-4E2D-AC67-E9D7E4D24F18}.Release|x86.Build.0 = Release|Win32
	EndGlobalSection
	GlobalSection(SolutionProperties) = preSolution
		HideSolutionNode = FALSE
	EndGlobalSection
	GlobalSection(ExtensibilityGlobals) = postSolution
		SolutionGuid = {E1E38F01-D5F9-4884-8666-B9E44FEF3395}
	EndGlobalSection
EndGlobal
